
Microsoft Visual Studio Solution File, Format Version 12.00
# Visual Studio Express 2013 for Windows Desktop
VisualStudioVersion = 12.0.21005.1
MinimumVisualStudioVersion = 10.0.40219.1
Project("{8BC9CEB8-8B4A-11D0-8D11-00A0C91BC942}") = "els_login", "els_login\els_login.vcxproj", "{EC9FAB17-2DE3-411E-8145-C0E936BD7586}"
EndProject
Project("{8BC9CEB8-8B4A-11D0-8D11-00A0C91BC942}") = "kom", "kom\kom.vcxproj", "{54BA1D64-E068-455B-93FD-3D74EC86772E}"
EndProject
Project("{8BC9CEB8-8B4A-11D0-8D11-00A0C91BC942}") = "els_channel", "els_channel\els_channel.vcxproj", "{EBA2DD7A-6196-4098-9877-D5EA51C8D77C}"
EndProject
Global
	GlobalSection(SolutionConfigurationPlatforms) = preSolution
		Debug|Win32 = Debug|Win32
		Release|Win32 = Release|Win32
	EndGlobalSection
	GlobalSection(ProjectConfigurationPlatforms) = postSolution
		{EC9FAB17-2DE3-411E-8145-C0E936BD7586}.Debug|Win32.ActiveCfg = Debug|Win32
		{EC9FAB17-2DE3-411E-8145-C0E936BD7586}.Debug|Win32.Build.0 = Debug|Win32
		{EC9FAB17-2DE3-411E-8145-C0E936BD7586}.Release|Win32.ActiveCfg = Release|Win32
		{EC9FAB17-2DE3-411E-8145-C0E936BD7586}.Release|Win32.Build.0 = Release|Win32
		{54BA1D64-E068-455B-93FD-3D74EC86772E}.Debug|Win32.ActiveCfg = Debug|Win32
		{54BA1D64-E068-455B-93FD-3D74EC86772E}.Debug|Win32.Build.0 = Debug|Win32
		{54BA1D64-E068-455B-93FD-3D74EC86772E}.Release|Win32.ActiveCfg = Release|Win32
		{54BA1D64-E068-455B-93FD-3D74EC86772E}.Release|Win32.Build.0 = Release|Win32
		{EBA2DD7A-6196-4098-9877-D5EA51C8D77C}.Debug|Win32.ActiveCfg = Debug|Win32
		{EBA2DD7A-6196-4098-9877-D5EA51C8D77C}.Debug|Win32.Build.0 = Debug|Win32
		{EBA2DD7A-6196-4098-9877-D5EA51C8D77C}.Release|Win32.ActiveCfg = Release|Win32
		{EBA2DD7A-6196-4098-9877-D5EA51C8D77C}.Release|Win32.Build.0 = Release|Win32
	EndGlobalSection
	GlobalSection(SolutionProperties) = preSolution
		HideSolutionNode = FALSE
	EndGlobalSection
EndGlobal
